lockfile_version: '1'
generated_at: '2026-05-28T18:46:06.809714+00:00'
apm_version: 0.16.0
dependencies:
- repo_url: microsoft/azure-skills
  host: github.com
  resolved_commit: 7cb89c221ecc9eccb71580aaff3695408cdeef2b
  package_type: marketplace_plugin
  deployed_files:
  - .claude/hooks/azure-skills/hooks/scripts/track-telemetry.sh
  - .claude/skills/airunway-aks-setup
  - .claude/skills/appinsights-instrumentation
  - .claude/skills/azure-ai
  - .claude/skills/azure-aigateway
  - .claude/skills/azure-cloud-migrate
  - .claude/skills/azure-compliance
  - .claude/skills/azure-compute
  - .claude/skills/azure-cost
  - .claude/skills/azure-deploy
  - .claude/skills/azure-diagnostics
  - .claude/skills/azure-enterprise-infra-planner
  - .claude/skills/azure-hosted-copilot-sdk
  - .claude/skills/azure-kubernetes
  - .claude/skills/azure-kusto
  - .claude/skills/azure-messaging
  - .claude/skills/azure-prepare
  - .claude/skills/azure-quotas
  - .claude/skills/azure-rbac
  - .claude/skills/azure-reliability
  - .claude/skills/azure-resource-lookup
  - .claude/skills/azure-resource-visualizer
  - .claude/skills/azure-storage
  - .claude/skills/azure-upgrade
  - .claude/skills/azure-validate
  - .claude/skills/entra-agent-id
  - .claude/skills/entra-app-registration
  - .claude/skills/microsoft-foundry
  deployed_file_hashes:
    .claude/hooks/azure-skills/hooks/scripts/track-telemetry.sh: sha256:a88ec0a8971aeda8ae186c1ae6ceabfae90828e90b2e1bad0d8202bd0bc12265
  content_hash: sha256:d55db3de96e0e56ab02a58d50393343ea7c4bd55d150522ecb95947911448a8d
mcp_servers:
- azure
mcp_configs:
  azure:
    name: azure
    transport: stdio
    args:
    - -y
    - '@azure/mcp@latest'
    - server
    - start
    registry: false
    command: npx
